
Microsoft Visual Studio Solution File, Format Version 12.00
# Visual Studio Version 16
VisualStudioVersion = 16.0.28922.388
MinimumVisualStudioVersion = 10.0.40219.1
Project("{FAE04EC0-301F-11D3-BF4B-00C04F79EFBC}") = "RewireRecovery.Android", "RewireRecovery.Android\RewireRecovery.Android.csproj", "{FE51FDF3-9A0B-4A29-8E34-14BEC142265D}"
EndProject
Project("{FAE04EC0-301F-11D3-BF4B-00C04F79EFBC}") = "RewireRecovery.iOS", "RewireRecovery.iOS\RewireRecovery.iOS.csproj", "{BC603FCE-A25B-4B6C-828B-ECA72DFA2148}"
EndProject
Project("{FAE04EC0-301F-11D3-BF4B-00C04F79EFBC}") = "RewireRecovery", "RewireRecovery\RewireRecovery.csproj", "{04707E68-61EF-4AA0-AA4C-2BD6ACD3FBF6}"
EndProject
Global
	GlobalSection(SolutionConfigurationPlatforms) = preSolution
		Debug|Any CPU = Debug|Any CPU
		Debug|iPhone = Debug|iPhone
		Debug|iPhoneSimulator = Debug|iPhoneSimulator
		Release|Any CPU = Release|Any CPU
		Release|iPhone = Release|iPhone
		Release|iPhoneSimulator = Release|iPhoneSimulator
	EndGlobalSection
	GlobalSection(ProjectConfigurationPlatforms) = postSolution
		{FE51FDF3-9A0B-4A29-8E34-14BEC142265D}.Debug|Any CPU.ActiveCfg = Debug|Any CPU
		{FE51FDF3-9A0B-4A29-8E34-14BEC142265D}.Debug|Any CPU.Build.0 = Debug|Any CPU
		{FE51FDF3-9A0B-4A29-8E34-14BEC142265D}.Debug|Any CPU.Deploy.0 = Debug|Any CPU
		{FE51FDF3-9A0B-4A29-8E34-14BEC142265D}.Debug|iPhone.ActiveCfg = Debug|Any CPU
		{FE51FDF3-9A0B-4A29-8E34-14BEC142265D}.Debug|iPhone.Build.0 = Debug|Any CPU
		{FE51FDF3-9A0B-4A29-8E34-14BEC142265D}.Debug|iPhone.Deploy.0 = Debug|Any CPU
		{FE51FDF3-9A0B-4A29-8E34-14BEC142265D}.Debug|iPhoneSimulator.ActiveCfg = Debug|Any CPU
		{FE51FDF3-9A0B-4A29-8E34-14BEC142265D}.Debug|iPhoneSimulator.Build.0 = Debug|Any CPU
		{FE51FDF3-9A0B-4A29-8E34-14BEC142265D}.Debug|iPhoneSimulator.Deploy.0 = Debug|Any CPU
		{FE51FDF3-9A0B-4A29-8E34-14BEC142265D}.Release|Any CPU.ActiveCfg = Release|Any CPU
		{FE51FDF3-9A0B-4A29-8E34-14BEC142265D}.Release|Any CPU.Build.0 = Release|Any CPU
		{FE51FDF3-9A0B-4A29-8E34-14BEC142265D}.Release|Any CPU.Deploy.0 = Release|Any CPU
		{FE51FDF3-9A0B-4A29-8E34-14BEC142265D}.Release|iPhone.ActiveCfg = Release|Any CPU
		{FE51FDF3-9A0B-4A29-8E34-14BEC142265D}.Release|iPhone.Build.0 = Release|Any CPU
		{FE51FDF3-9A0B-4A29-8E34-14BEC142265D}.Release|iPhone.Deploy.0 = Release|Any CPU
		{FE51FDF3-9A0B-4A29-8E34-14BEC142265D}.Release|iPhoneSimulator.ActiveCfg = Release|Any CPU
		{FE51FDF3-9A0B-4A29-8E34-14BEC142265D}.Release|iPhoneSimulator.Build.0 = Release|Any CPU
		{FE51FDF3-9A0B-4A29-8E34-14BEC142265D}.Release|iPhoneSimulator.Deploy.0 = Release|Any CPU
		{BC603FCE-A25B-4B6C-828B-ECA72DFA2148}.Debug|Any CPU.ActiveCfg = Debug|iPhoneSimulator
		{BC603FCE-A25B-4B6C-828B-ECA72DFA2148}.Debug|Any CPU.Build.0 = Debug|iPhoneSimulator
		{BC603FCE-A25B-4B6C-828B-ECA72DFA2148}.Debug|Any CPU.Deploy.0 = Debug|iPhoneSimulator
		{BC603FCE-A25B-4B6C-828B-ECA72DFA2148}.Debug|iPhone.ActiveCfg = Debug|iPhone
		{BC603FCE-A25B-4B6C-828B-ECA72DFA2148}.Debug|iPhone.Build.0 = Debug|iPhone
		{BC603FCE-A25B-4B6C-828B-ECA72DFA2148}.Debug|iPhone.Deploy.0 = Debug|iPhone
		{BC603FCE-A25B-4B6C-828B-ECA72DFA2148}.Debug|iPhoneSimulator.ActiveCfg = Debug|iPhoneSimulator
		{BC603FCE-A25B-4B6C-828B-ECA72DFA2148}.Debug|iPhoneSimulator.Build.0 = Debug|iPhoneSimulator
		{BC603FCE-A25B-4B6C-828B-ECA72DFA2148}.Debug|iPhoneSimulator.Deploy.0 = Debug|iPhoneSimulator
		{BC603FCE-A25B-4B6C-828B-ECA72DFA2148}.Release|Any CPU.ActiveCfg = Release|iPhone
		{BC603FCE-A25B-4B6C-828B-ECA72DFA2148}.Release|Any CPU.Build.0 = Release|iPhone
		{BC603FCE-A25B-4B6C-828B-ECA72DFA2148}.Release|Any CPU.Deploy.0 = Release|iPhone
		{BC603FCE-A25B-4B6C-828B-ECA72DFA2148}.Release|iPhone.ActiveCfg = Release|iPhone
		{BC603FCE-A25B-4B6C-828B-ECA72DFA2148}.Release|iPhone.Build.0 = Release|iPhone
		{BC603FCE-A25B-4B6C-828B-ECA72DFA2148}.Release|iPhone.Deploy.0 = Release|iPhone
		{BC603FCE-A25B-4B6C-828B-ECA72DFA2148}.Release|iPhoneSimulator.ActiveCfg = Release|iPhoneSimulator
		{BC603FCE-A25B-4B6C-828B-ECA72DFA2148}.Release|iPhoneSimulator.Build.0 = Release|iPhoneSimulator
		{BC603FCE-A25B-4B6C-828B-ECA72DFA2148}.Release|iPhoneSimulator.Deploy.0 = Release|iPhoneSimulator
		{04707E68-61EF-4AA0-AA4C-2BD6ACD3FBF6}.Debug|Any CPU.ActiveCfg = Debug|Any CPU
		{04707E68-61EF-4AA0-AA4C-2BD6ACD3FBF6}.Debug|Any CPU.Build.0 = Debug|Any CPU
		{04707E68-61EF-4AA0-AA4C-2BD6ACD3FBF6}.Debug|Any CPU.Deploy.0 = Debug|Any CPU
		{04707E68-61EF-4AA0-AA4C-2BD6ACD3FBF6}.Debug|iPhone.ActiveCfg = Debug|Any CPU
		{04707E68-61EF-4AA0-AA4C-2BD6ACD3FBF6}.Debug|iPhone.Build.0 = Debug|Any CPU
		{04707E68-61EF-4AA0-AA4C-2BD6ACD3FBF6}.Debug|iPhone.Deploy.0 = Debug|Any CPU
		{04707E68-61EF-4AA0-AA4C-2BD6ACD3FBF6}.Debug|iPhoneSimulator.ActiveCfg = Debug|Any CPU
		{04707E68-61EF-4AA0-AA4C-2BD6ACD3FBF6}.Debug|iPhoneSimulator.Build.0 = Debug|Any CPU
		{04707E68-61EF-4AA0-AA4C-2BD6ACD3FBF6}.Debug|iPhoneSimulator.Deploy.0 = Debug|Any CPU
		{04707E68-61EF-4AA0-AA4C-2BD6ACD3FBF6}.Release|Any CPU.ActiveCfg = Release|Any CPU
		{04707E68-61EF-4AA0-AA4C-2BD6ACD3FBF6}.Release|Any CPU.Build.0 = Release|Any CPU
		{04707E68-61EF-4AA0-AA4C-2BD6ACD3FBF6}.Release|Any CPU.Deploy.0 = Release|Any CPU
		{04707E68-61EF-4AA0-AA4C-2BD6ACD3FBF6}.Release|iPhone.ActiveCfg = Release|Any CPU
		{04707E68-61EF-4AA0-AA4C-2BD6ACD3FBF6}.Release|iPhone.Build.0 = Release|Any CPU
		{04707E68-61EF-4AA0-AA4C-2BD6ACD3FBF6}.Release|iPhone.Deploy.0 = Release|Any CPU
		{04707E68-61EF-4AA0-AA4C-2BD6ACD3FBF6}.Release|iPhoneSimulator.ActiveCfg = Release|Any CPU
		{04707E68-61EF-4AA0-AA4C-2BD6ACD3FBF6}.Release|iPhoneSimulator.Build.0 = Release|Any CPU
		{04707E68-61EF-4AA0-AA4C-2BD6ACD3FBF6}.Release|iPhoneSimulator.Deploy.0 = Release|Any CPU
	EndGlobalSection
	GlobalSection(SolutionProperties) = preSolution
		HideSolutionNode = FALSE
	EndGlobalSection
	GlobalSection(ExtensibilityGlobals) = postSolution
		SolutionGuid = {2DFD34D9-B9AC-4E32-AC63-892000220F4F}
	EndGlobalSection
EndGlobal
